
Microsoft Visual Studio Solution File, Format Version 12.00
# Visual Studio Version 16
VisualStudioVersion = 16.0.29920.165
MinimumVisualStudioVersion = 10.0.40219.1
Project("{FAE04EC0-301F-11D3-BF4B-00C04F79EFBC}") = "ProyectoPAV1-Grupo7", "ProyectoPAV1-Grupo7\ProyectoPAV1-Grupo7.csproj", "{5A0FDC6D-5E89-46F1-B504-319FE467848E}"
EndProject
Global
	GlobalSection(SolutionConfigurationPlatforms) = preSolution
		Debug|Any CPU = Debug|Any CPU
		Release|Any CPU = Release|Any CPU
	EndGlobalSection
	GlobalSection(ProjectConfigurationPlatforms) = postSolution
		{5A0FDC6D-5E89-46F1-B504-319FE467848E}.Debug|Any CPU.ActiveCfg = Debug|Any CPU
		{5A0FDC6D-5E89-46F1-B504-319FE467848E}.Debug|Any CPU.Build.0 = Debug|Any CPU
		{5A0FDC6D-5E89-46F1-B504-319FE467848E}.Release|Any CPU.ActiveCfg = Release|Any CPU
		{5A0FDC6D-5E89-46F1-B504-319FE467848E}.Release|Any CPU.Build.0 = Release|Any CPU
	EndGlobalSection
	GlobalSection(SolutionProperties) = preSolution
		HideSolutionNode = FALSE
	EndGlobalSection
	GlobalSection(ExtensibilityGlobals) = postSolution
		SolutionGuid = {51513FF8-2BC9-4925-9EDF-9797571F4DAA}
	EndGlobalSection
EndGlobal
